
Microsoft Visual Studio Solution File, Format Version 12.00
# Visual Studio 15
VisualStudioVersion = 15.0.28010.2050
MinimumVisualStudioVersion = 10.0.40219.1
Project("{FAE04EC0-301F-11D3-BF4B-00C04F79EFBC}") = "CapstoneProj3", "CapstoneProj3\CapstoneProj3.csproj", "{6974C2CB-D822-4BEA-B3D6-7A2501D78234}"
EndProject
Global
	GlobalSection(SolutionConfigurationPlatforms) = preSolution
		Debug|Any CPU = Debug|Any CPU
		Release|Any CPU = Release|Any CPU
	EndGlobalSection
	GlobalSection(ProjectConfigurationPlatforms) = postSolution
		{6974C2CB-D822-4BEA-B3D6-7A2501D78234}.Debug|Any CPU.ActiveCfg = Debug|Any CPU
		{6974C2CB-D822-4BEA-B3D6-7A2501D78234}.Debug|Any CPU.Build.0 = Debug|Any CPU
		{6974C2CB-D822-4BEA-B3D6-7A2501D78234}.Release|Any CPU.ActiveCfg = Release|Any CPU
		{6974C2CB-D822-4BEA-B3D6-7A2501D78234}.Release|Any CPU.Build.0 = Release|Any CPU
	EndGlobalSection
	GlobalSection(SolutionProperties) = preSolution
		HideSolutionNode = FALSE
	EndGlobalSection
	GlobalSection(ExtensibilityGlobals) = postSolution
		SolutionGuid = {B9616345-0032-4F00-B747-8C54E2179A46}
	EndGlobalSection
EndGlobal
